// !$*UTF8*$!
{
	archiveVersion = 1;
	classes = {
	};
	objectVersion = 56;
	objects = {

/* Begin PBXBuildFile section */
		9F02CB542AAF9FD4000D7850 /* GenerationBrightApp.swift in Sources */ = {isa = PBXBuildFile; fileRef = 9F02CB532AAF9FD4000D7850 /* GenerationBrightApp.swift */; };
		9F02CB562AAF9FD4000D7850 /* ContentView.swift in Sources */ = {isa = PBXBuildFile; fileRef = 9F02CB552AAF9FD4000D7850 /* ContentView.swift */; };
		9F02CB582AAF9FD5000D7850 /* Assets.xcassets in Resources */ = {isa = PBXBuildFile; fileRef = 9F02CB572AAF9FD5000D7850 /* Assets.xcassets */; };
		9F02CB5B2AAF9FD5000D7850 /* Preview Assets.xcassets in Resources */ = {isa = PBXBuildFile; fileRef = 9F02CB5A2AAF9FD5000D7850 /* Preview Assets.xcassets */; };
		9F02CB622AAFA2AC000D7850 /* PositivePromtView.swift in Sources */ = {isa = PBXBuildFile; fileRef = 9F02CB612AAFA2AC000D7850 /* PositivePromtView.swift */; };
		9F2739C62AB6CFD100FA5B34 /* Promt.swift in Sources */ = {isa = PBXBuildFile; fileRef = 9F2739C52AB6CFD100FA5B34 /* Promt.swift */; };
		9F2739CA2AB6D08D00FA5B34 /* PromtView.swift in Sources */ = {isa = PBXBuildFile; fileRef = 9F2739C92AB6D08D00FA5B34 /* PromtView.swift */; };
		9F2739CC2AB6FCED00FA5B34 /* PromtLayout.swift in Sources */ = {isa = PBXBuildFile; fileRef = 9F2739CB2AB6FCED00FA5B34 /* PromtLayout.swift */; };
		9F41AB572ABA17C4001A28C8 /* TextToImageRequest.swift in Sources */ = {isa = PBXBuildFile; fileRef = 9F41AB562ABA17C4001A28C8 /* TextToImageRequest.swift */; };
		9F724DE42AB76FC1007CE864 /* MainButton.swift in Sources */ = {isa = PBXBuildFile; fileRef = 9F724DE32AB76FC1007CE864 /* MainButton.swift */; };
		9F724DE72AB77D94007CE864 /* TextToImageResponse.swift in Sources */ = {isa = PBXBuildFile; fileRef = 9F724DE62AB77D94007CE864 /* TextToImageResponse.swift */; };
		9F724DE92AB77FF8007CE864 /* NetworkManager.swift in Sources */ = {isa = PBXBuildFile; fileRef = 9F724DE82AB77FF8007CE864 /* NetworkManager.swift */; };
		9F724DEC2AB78081007CE864 /* Alamofire in Frameworks */ = {isa = PBXBuildFile; productRef = 9F724DEB2AB78081007CE864 /* Alamofire */; };
		9F7E932C2AB0E40E00582E35 /* File.swift in Sources */ = {isa = PBXBuildFile; fileRef = 9F7E932B2AB0E40E00582E35 /* File.swift */; };
		9F7E932F2AB0E66300582E35 /* NegativePromtView.swift in Sources */ = {isa = PBXBuildFile; fileRef = 9F7E932E2AB0E66300582E35 /* NegativePromtView.swift */; };
		9F7E93312AB0E68400582E35 /* ChooseModelView.swift in Sources */ = {isa = PBXBuildFile; fileRef = 9F7E93302AB0E68400582E35 /* ChooseModelView.swift */; };
		9F7E93332AB0F32300582E35 /* MainCreateImageView.swift in Sources */ = {isa = PBXBuildFile; fileRef = 9F7E93322AB0F32300582E35 /* MainCreateImageView.swift */; };
		9F7E93372AB0F56400582E35 /* ShareButton.swift in Sources */ = {isa = PBXBuildFile; fileRef = 9F7E93362AB0F56400582E35 /* ShareButton.swift */; };
		9F9B52CF2AC894A000D0A5C7 /* FetchImageResponse.swift in Sources */ = {isa = PBXBuildFile; fileRef = 9F9B52CE2AC894A000D0A5C7 /* FetchImageResponse.swift */; };
		9F9B52D12AC894BC00D0A5C7 /* FetchImageRequest.swift in Sources */ = {isa = PBXBuildFile; fileRef = 9F9B52D02AC894BC00D0A5C7 /* FetchImageRequest.swift */; };
		9FD87AD62AB2251B0021D5F9 /* PromtCollectionItem.swift in Sources */ = {isa = PBXBuildFile; fileRef = 9FD87AD52AB2251B0021D5F9 /* PromtCollectionItem.swift */; };
		9FD87AD92AB23DEA0021D5F9 /* GenerationViewModel.swift in Sources */ = {isa = PBXBuildFile; fileRef = 9FD87AD82AB23DEA0021D5F9 /* GenerationViewModel.swift */; };
/* End PBXBuildFile section */

/* Begin PBXFileReference section */
		9F02CB502AAF9FD4000D7850 /* GenerationBright.app */ = {isa = PBXFileReference; explicitFileType = wrapper.application; includeInIndex = 0; path = GenerationBright.app; sourceTree = BUILT_PRODUCTS_DIR; };
		9F02CB532AAF9FD4000D7850 /* GenerationBrightApp.swift */ = {isa = PBXFileReference; lastKnownFileType = sourcecode.swift; path = GenerationBrightApp.swift; sourceTree = "<group>"; };
		9F02CB552AAF9FD4000D7850 /* ContentView.swift */ = {isa = PBXFileReference; lastKnownFileType = sourcecode.swift; path = ContentView.swift; sourceTree = "<group>"; };
		9F02CB572AAF9FD5000D7850 /* Assets.xcassets */ = {isa = PBXFileReference; lastKnownFileType = folder.assetcatalog; path = Assets.xcassets; sourceTree = "<group>"; };
		9F02CB5A2AAF9FD5000D7850 /* Preview Assets.xcassets */ = {isa = PBXFileReference; lastKnownFileType = folder.assetcatalog; path = "Preview Assets.xcassets"; sourceTree = "<group>"; };
		9F02CB612AAFA2AC000D7850 /* PositivePromtView.swift */ = {isa = PBXFileReference; lastKnownFileType = sourcecode.swift; path = PositivePromtView.swift; sourceTree = "<group>"; };
		9F2739C52AB6CFD100FA5B34 /* Promt.swift */ = {isa = PBXFileReference; lastKnownFileType = sourcecode.swift; path = Promt.swift; sourceTree = "<group>"; };
		9F2739C92AB6D08D00FA5B34 /* PromtView.swift */ = {isa = PBXFileReference; lastKnownFileType = sourcecode.swift; path = PromtView.swift; sourceTree = "<group>"; };
		9F2739CB2AB6FCED00FA5B34 /* PromtLayout.swift */ = {isa = PBXFileReference; lastKnownFileType = sourcecode.swift; path = PromtLayout.swift; sourceTree = "<group>"; };
		9F41AB562ABA17C4001A28C8 /* TextToImageRequest.swift */ = {isa = PBXFileReference; lastKnownFileType = sourcecode.swift; path = TextToImageRequest.swift; sourceTree = "<group>"; };
		9F724DE32AB76FC1007CE864 /* MainButton.swift */ = {isa = PBXFileReference; lastKnownFileType = sourcecode.swift; path = MainButton.swift; sourceTree = "<group>"; };
		9F724DE62AB77D94007CE864 /* TextToImageResponse.swift */ = {isa = PBXFileReference; lastKnownFileType = sourcecode.swift; path = TextToImageResponse.swift; sourceTree = "<group>"; };
		9F724DE82AB77FF8007CE864 /* NetworkManager.swift */ = {isa = PBXFileReference; lastKnownFileType = sourcecode.swift; path = NetworkManager.swift; sourceTree = "<group>"; };
		9F7E932B2AB0E40E00582E35 /* File.swift */ = {isa = PBXFileReference; lastKnownFileType = sourcecode.swift; path = File.swift; sourceTree = "<group>"; };
		9F7E932E2AB0E66300582E35 /* NegativePromtView.swift */ = {isa = PBXFileReference; lastKnownFileType = sourcecode.swift; path = NegativePromtView.swift; sourceTree = "<group>"; };
		9F7E93302AB0E68400582E35 /* ChooseModelView.swift */ = {isa = PBXFileReference; lastKnownFileType = sourcecode.swift; path = ChooseModelView.swift; sourceTree = "<group>"; };
		9F7E93322AB0F32300582E35 /* MainCreateImageView.swift */ = {isa = PBXFileReference; lastKnownFileType = sourcecode.swift; path = MainCreateImageView.swift; sourceTree = "<group>"; };
		9F7E93362AB0F56400582E35 /* ShareButton.swift */ = {isa = PBXFileReference; lastKnownFileType = sourcecode.swift; path = ShareButton.swift; sourceTree = "<group>"; };
		9F9B52CE2AC894A000D0A5C7 /* FetchImageResponse.swift */ = {isa = PBXFileReference; lastKnownFileType = sourcecode.swift; path = FetchImageResponse.swift; sourceTree = "<group>"; };
		9F9B52D02AC894BC00D0A5C7 /* FetchImageRequest.swift */ = {isa = PBXFileReference; lastKnownFileType = sourcecode.swift; path = FetchImageRequest.swift; sourceTree = "<group>"; };
		9FD87AD52AB2251B0021D5F9 /* PromtCollectionItem.swift */ = {isa = PBXFileReference; lastKnownFileType = sourcecode.swift; path = PromtCollectionItem.swift; sourceTree = "<group>"; };
		9FD87AD82AB23DEA0021D5F9 /* GenerationViewModel.swift */ = {isa = PBXFileReference; lastKnownFileType = sourcecode.swift; path = GenerationViewModel.swift; sourceTree = "<group>"; };
/* End PBXFileReference section */

/* Begin PBXFrameworksBuildPhase section */
		9F02CB4D2AAF9FD4000D7850 /* Frameworks */ = {
			isa = PBXFrameworksBuildPhase;
			buildActionMask = 2147483647;
			files = (
				9F724DEC2AB78081007CE864 /* Alamofire in Frameworks */,
			);
			runOnlyForDeploymentPostprocessing = 0;
		};
/* End PBXFrameworksBuildPhase section */

/* Begin PBXGroup section */
		9F02CB472AAF9FD4000D7850 = {
			isa = PBXGroup;
			children = (
				9F02CB522AAF9FD4000D7850 /* GenerationBright */,
				9F02CB512AAF9FD4000D7850 /* Products */,
			);
			sourceTree = "<group>";
		};
		9F02CB512AAF9FD4000D7850 /* Products */ = {
			isa = PBXGroup;
			children = (
				9F02CB502AAF9FD4000D7850 /* GenerationBright.app */,
			);
			name = Products;
			sourceTree = "<group>";
		};
		9F02CB522AAF9FD4000D7850 /* GenerationBright */ = {
			isa = PBXGroup;
			children = (
				9F02CB532AAF9FD4000D7850 /* GenerationBrightApp.swift */,
				9F02CB552AAF9FD4000D7850 /* ContentView.swift */,
				9F724DE52AB77D77007CE864 /* Services */,
				9F7E932D2AB0E64900582E35 /* Screens */,
				9F7E93352AB0F55100582E35 /* Components */,
				9F2739C32AB6CFC000FA5B34 /* Modes */,
				9F7E932A2AB0E40500582E35 /* Extension */,
				9F02CB572AAF9FD5000D7850 /* Assets.xcassets */,
				9F02CB592AAF9FD5000D7850 /* Preview Content */,
			);
			path = GenerationBright;
			sourceTree = "<group>";
		};
		9F02CB592AAF9FD5000D7850 /* Preview Content */ = {
			isa = PBXGroup;
			children = (
				9F02CB5A2AAF9FD5000D7850 /* Preview Assets.xcassets */,
			);
			path = "Preview Content";
			sourceTree = "<group>";
		};
		9F2739C22AB6CFAD00FA5B34 /* PromtTagView */ = {
			isa = PBXGroup;
			children = (
				9F2739CB2AB6FCED00FA5B34 /* PromtLayout.swift */,
				9F2739C92AB6D08D00FA5B34 /* PromtView.swift */,
			);
			path = PromtTagView;
			sourceTree = "<group>";
		};
		9F2739C32AB6CFC000FA5B34 /* Modes */ = {
			isa = PBXGroup;
			children = (
				9F2739C52AB6CFD100FA5B34 /* Promt.swift */,
			);
			path = Modes;
			sourceTree = "<group>";
		};
		9F724DE52AB77D77007CE864 /* Services */ = {
			isa = PBXGroup;
			children = (
				9F9B52CD2AC8948A00D0A5C7 /* Responses */,
				9F9B52CC2AC8948500D0A5C7 /* Requests */,
				9F724DE82AB77FF8007CE864 /* NetworkManager.swift */,
			);
			path = Services;
			sourceTree = "<group>";
		};
		9F7E932A2AB0E40500582E35 /* Extension */ = {
			isa = PBXGroup;
			children = (
				9F7E932B2AB0E40E00582E35 /* File.swift */,
			);
			path = Extension;
			sourceTree = "<group>";
		};
		9F7E932D2AB0E64900582E35 /* Screens */ = {
			isa = PBXGroup;
			children = (
				9F7E93342AB0F35D00582E35 /* GenerateImageSettings */,
				9F7E93322AB0F32300582E35 /* MainCreateImageView.swift */,
			);
			path = Screens;
			sourceTree = "<group>";
		};
		9F7E93342AB0F35D00582E35 /* GenerateImageSettings */ = {
			isa = PBXGroup;
			children = (
				9FD87AD82AB23DEA0021D5F9 /* GenerationViewModel.swift */,
				9F02CB612AAFA2AC000D7850 /* PositivePromtView.swift */,
				9F7E932E2AB0E66300582E35 /* NegativePromtView.swift */,
				9F7E93302AB0E68400582E35 /* ChooseModelView.swift */,
			);
			path = GenerateImageSettings;
			sourceTree = "<group>";
		};
		9F7E93352AB0F55100582E35 /* Components */ = {
			isa = PBXGroup;
			children = (
				9F2739C22AB6CFAD00FA5B34 /* PromtTagView */,
				9F7E93362AB0F56400582E35 /* ShareButton.swift */,
				9F724DE32AB76FC1007CE864 /* MainButton.swift */,
				9FD87AD52AB2251B0021D5F9 /* PromtCollectionItem.swift */,
			);
			path = Components;
			sourceTree = "<group>";
		};
		9F9B52CC2AC8948500D0A5C7 /* Requests */ = {
			isa = PBXGroup;
			children = (
				9F41AB562ABA17C4001A28C8 /* TextToImageRequest.swift */,
				9F9B52D02AC894BC00D0A5C7 /* FetchImageRequest.swift */,
			);
			path = Requests;
			sourceTree = "<group>";
		};
		9F9B52CD2AC8948A00D0A5C7 /* Responses */ = {
			isa = PBXGroup;
			children = (
				9F724DE62AB77D94007CE864 /* TextToImageResponse.swift */,
				9F9B52CE2AC894A000D0A5C7 /* FetchImageResponse.swift */,
			);
			path = Responses;
			sourceTree = "<group>";
		};
/* End PBXGroup section */

/* Begin PBXNativeTarget section */
		9F02CB4F2AAF9FD4000D7850 /* GenerationBright */ = {
			isa = PBXNativeTarget;
			buildConfigurationList = 9F02CB5E2AAF9FD5000D7850 /* Build configuration list for PBXNativeTarget "GenerationBright" */;
			buildPhases = (
				9F02CB4C2AAF9FD4000D7850 /* Sources */,
				9F02CB4D2AAF9FD4000D7850 /* Frameworks */,
				9F02CB4E2AAF9FD4000D7850 /* Resources */,
			);
			buildRules = (
			);
			dependencies = (
			);
			name = GenerationBright;
			packageProductDependencies = (
				9F724DEB2AB78081007CE864 /* Alamofire */,
			);
			productName = GenerationBright;
			productReference = 9F02CB502AAF9FD4000D7850 /* GenerationBright.app */;
			productType = "com.apple.product-type.application";
		};
/* End PBXNativeTarget section */

/* Begin PBXProject section */
		9F02CB482AAF9FD4000D7850 /* Project object */ = {
			isa = PBXProject;
			attributes = {
				BuildIndependentTargetsInParallel = 1;
				LastSwiftUpdateCheck = 1430;
				LastUpgradeCheck = 1430;
				TargetAttributes = {
					9F02CB4F2AAF9FD4000D7850 = {
						CreatedOnToolsVersion = 14.3.1;
					};
				};
			};
			buildConfigurationList = 9F02CB4B2AAF9FD4000D7850 /* Build configuration list for PBXProject "GenerationBright" */;
			compatibilityVersion = "Xcode 14.0";
			developmentRegion = en;
			hasScannedForEncodings = 0;
			knownRegions = (
				en,
				Base,
			);
			mainGroup = 9F02CB472AAF9FD4000D7850;
			packageReferences = (
				9F724DEA2AB78081007CE864 /* XCRemoteSwiftPackageReference "Alamofire" */,
			);
			productRefGroup = 9F02CB512AAF9FD4000D7850 /* Products */;
			projectDirPath = "";
			projectRoot = "";
			targets = (
				9F02CB4F2AAF9FD4000D7850 /* GenerationBright */,
			);
		};
/* End PBXProject section */

/* Begin PBXResourcesBuildPhase section */
		9F02CB4E2AAF9FD4000D7850 /* Resources */ = {
			isa = PBXResourcesBuildPhase;
			buildActionMask = 2147483647;
			files = (
				9F02CB5B2AAF9FD5000D7850 /* Preview Assets.xcassets in Resources */,
				9F02CB582AAF9FD5000D7850 /* Assets.xcassets in Resources */,
			);
			runOnlyForDeploymentPostprocessing = 0;
		};
/* End PBXResourcesBuildPhase section */

/* Begin PBXSourcesBuildPhase section */
		9F02CB4C2AAF9FD4000D7850 /* Sources */ = {
			isa = PBXSourcesBuildPhase;
			buildActionMask = 2147483647;
			files = (
				9F02CB622AAFA2AC000D7850 /* PositivePromtView.swift in Sources */,
				9F7E932C2AB0E40E00582E35 /* File.swift in Sources */,
				9F724DE42AB76FC1007CE864 /* MainButton.swift in Sources */,
				9F724DE72AB77D94007CE864 /* TextToImageResponse.swift in Sources */,
				9F724DE92AB77FF8007CE864 /* NetworkManager.swift in Sources */,
				9F2739CC2AB6FCED00FA5B34 /* PromtLayout.swift in Sources */,
				9F02CB562AAF9FD4000D7850 /* ContentView.swift in Sources */,
				9F7E93372AB0F56400582E35 /* ShareButton.swift in Sources */,
				9F7E93332AB0F32300582E35 /* MainCreateImageView.swift in Sources */,
				9FD87AD62AB2251B0021D5F9 /* PromtCollectionItem.swift in Sources */,
				9F9B52D12AC894BC00D0A5C7 /* FetchImageRequest.swift in Sources */,
				9F41AB572ABA17C4001A28C8 /* TextToImageRequest.swift in Sources */,
				9F2739C62AB6CFD100FA5B34 /* Promt.swift in Sources */,
				9FD87AD92AB23DEA0021D5F9 /* GenerationViewModel.swift in Sources */,
				9F9B52CF2AC894A000D0A5C7 /* FetchImageResponse.swift in Sources */,
				9F02CB542AAF9FD4000D7850 /* GenerationBrightApp.swift in Sources */,
				9F7E932F2AB0E66300582E35 /* NegativePromtView.swift in Sources */,
				9F2739CA2AB6D08D00FA5B34 /* PromtView.swift in Sources */,
				9F7E93312AB0E68400582E35 /* ChooseModelView.swift in Sources */,
			);
			runOnlyForDeploymentPostprocessing = 0;
		};
/* End PBXSourcesBuildPhase section */

/* Begin XCBuildConfiguration section */
		9F02CB5C2AAF9FD5000D7850 /* Debug */ = {
			isa = XCBuildConfiguration;
			buildSettings = {
				ALWAYS_SEARCH_USER_PATHS = NO;
				CLANG_ANALYZER_NONNULL = YES;
				CLANG_ANALYZER_NUMBER_OBJECT_CONVERSION = YES_AGGRESSIVE;
				CLANG_CXX_LANGUAGE_STANDARD = "gnu++20";
				CLANG_ENABLE_MODULES = YES;
				CLANG_ENABLE_OBJC_ARC = YES;
				CLANG_ENABLE_OBJC_WEAK = YES;
				CLANG_WARN_BLOCK_CAPTURE_AUTORELEASING = YES;
				CLANG_WARN_BOOL_CONVERSION = YES;
				CLANG_WARN_COMMA = YES;
				CLANG_WARN_CONSTANT_CONVERSION = YES;
				CLANG_WARN_DEPRECATED_OBJC_IMPLEMENTATIONS = YES;
				CLANG_WARN_DIRECT_OBJC_ISA_USAGE = YES_ERROR;
				CLANG_WARN_DOCUMENTATION_COMMENTS = YES;
				CLANG_WARN_EMPTY_BODY = YES;
				CLANG_WARN_ENUM_CONVERSION = YES;
				CLANG_WARN_INFINITE_RECURSION = YES;
				CLANG_WARN_INT_CONVERSION = YES;
				CLANG_WARN_NON_LITERAL_NULL_CONVERSION = YES;
				CLANG_WARN_OBJC_IMPLICIT_RETAIN_SELF = YES;
				CLANG_WARN_OBJC_LITERAL_CONVERSION = YES;
				CLANG_WARN_OBJC_ROOT_CLASS = YES_ERROR;
				CLANG_WARN_QUOTED_INCLUDE_IN_FRAMEWORK_HEADER = YES;
				CLANG_WARN_RANGE_LOOP_ANALYSIS = YES;
				CLANG_WARN_STRICT_PROTOTYPES = YES;
				CLANG_WARN_SUSPICIOUS_MOVE = YES;
				CLANG_WARN_UNGUARDED_AVAILABILITY = YES_AGGRESSIVE;
				CLANG_WARN_UNREACHABLE_CODE = YES;
				CLANG_WARN__DUPLICATE_METHOD_MATCH = YES;
				COPY_PHASE_STRIP = NO;
				DEBUG_INFORMATION_FORMAT = dwarf;
				ENABLE_STRICT_OBJC_MSGSEND = YES;
				ENABLE_TESTABILITY = YES;
				GCC_C_LANGUAGE_STANDARD = gnu11;
				GCC_DYNAMIC_NO_PIC = NO;
				GCC_NO_COMMON_BLOCKS = YES;
				GCC_OPTIMIZATION_LEVEL = 0;
				GCC_PREPROCESSOR_DEFINITIONS = (
					"DEBUG=1",
					"$(inherited)",
				);
				GCC_WARN_64_TO_32_BIT_CONVERSION = YES;
				GCC_WARN_ABOUT_RETURN_TYPE = YES_ERROR;
				GCC_WARN_UNDECLARED_SELECTOR = YES;
				GCC_WARN_UNINITIALIZED_AUTOS = YES_AGGRESSIVE;
				GCC_WARN_UNUSED_FUNCTION = YES;
				GCC_WARN_UNUSED_VARIABLE = YES;
				IPHONEOS_DEPLOYMENT_TARGET = 16.4;
				MTL_ENABLE_DEBUG_INFO = INCLUDE_SOURCE;
				MTL_FAST_MATH = YES;
				ONLY_ACTIVE_ARCH = YES;
				SDKROOT = iphoneos;
				SWIFT_ACTIVE_COMPILATION_CONDITIONS = DEBUG;
				SWIFT_OPTIMIZATION_LEVEL = "-Onone";
			};
			name = Debug;
		};
		9F02CB5D2AAF9FD5000D7850 /* Release */ = {
			isa = XCBuildConfiguration;
			buildSettings = {
				ALWAYS_SEARCH_USER_PATHS = NO;
				CLANG_ANALYZER_NONNULL = YES;
				CLANG_ANALYZER_NUMBER_OBJECT_CONVERSION = YES_AGGRESSIVE;
				CLANG_CXX_LANGUAGE_STANDARD = "gnu++20";
				CLANG_ENABLE_MODULES = YES;
				CLANG_ENABLE_OBJC_ARC = YES;
				CLANG_ENABLE_OBJC_WEAK = YES;
				CLANG_WARN_BLOCK_CAPTURE_AUTORELEASING = YES;
				CLANG_WARN_BOOL_CONVERSION = YES;
				CLANG_WARN_COMMA = YES;
				CLANG_WARN_CONSTANT_CONVERSION = YES;
				CLANG_WARN_DEPRECATED_OBJC_IMPLEMENTATIONS = YES;
				CLANG_WARN_DIRECT_OBJC_ISA_USAGE = YES_ERROR;
				CLANG_WARN_DOCUMENTATION_COMMENTS = YES;
				CLANG_WARN_EMPTY_BODY = YES;
				CLANG_WARN_ENUM_CONVERSION = YES;
				CLANG_WARN_INFINITE_RECURSION = YES;
				CLANG_WARN_INT_CONVERSION = YES;
				CLANG_WARN_NON_LITERAL_NULL_CONVERSION = YES;
				CLANG_WARN_OBJC_IMPLICIT_RETAIN_SELF = YES;
				CLANG_WARN_OBJC_LITERAL_CONVERSION = YES;
				CLANG_WARN_OBJC_ROOT_CLASS = YES_ERROR;
				CLANG_WARN_QUOTED_INCLUDE_IN_FRAMEWORK_HEADER = YES;
				CLANG_WARN_RANGE_LOOP_ANALYSIS = YES;
				CLANG_WARN_STRICT_PROTOTYPES = YES;
				CLANG_WARN_SUSPICIOUS_MOVE = YES;
				CLANG_WARN_UNGUARDED_AVAILABILITY = YES_AGGRESSIVE;
				CLANG_WARN_UNREACHABLE_CODE = YES;
				CLANG_WARN__DUPLICATE_METHOD_MATCH = YES;
				COPY_PHASE_STRIP = NO;
				DEBUG_INFORMATION_FORMAT = "dwarf-with-dsym";
				ENABLE_NS_ASSERTIONS = NO;
				ENABLE_STRICT_OBJC_MSGSEND = YES;
				GCC_C_LANGUAGE_STANDARD = gnu11;
				GCC_NO_COMMON_BLOCKS = YES;
				GCC_WARN_64_TO_32_BIT_CONVERSION = YES;
				GCC_WARN_ABOUT_RETURN_TYPE = YES_ERROR;
				GCC_WARN_UNDECLARED_SELECTOR = YES;
				GCC_WARN_UNINITIALIZED_AUTOS = YES_AGGRESSIVE;
				GCC_WARN_UNUSED_FUNCTION = YES;
				GCC_WARN_UNUSED_VARIABLE = YES;
				IPHONEOS_DEPLOYMENT_TARGET = 16.4;
				MTL_ENABLE_DEBUG_INFO = NO;
				MTL_FAST_MATH = YES;
				SDKROOT = iphoneos;
				SWIFT_COMPILATION_MODE = wholemodule;
				SWIFT_OPTIMIZATION_LEVEL = "-O";
				VALIDATE_PRODUCT = YES;
			};
			name = Release;
		};
		9F02CB5F2AAF9FD5000D7850 /* Debug */ = {
			isa = XCBuildConfiguration;
			buildSettings = {
				ASSETCATALOG_COMPILER_APPICON_NAME = AppIcon;
				ASSETCATALOG_COMPILER_GLOBAL_ACCENT_COLOR_NAME = AccentColor;
				CODE_SIGN_STYLE = Automatic;
				CURRENT_PROJECT_VERSION = 1;
				DEVELOPMENT_ASSET_PATHS = "\"GenerationBright/Preview Content\"";
				DEVELOPMENT_TEAM = 7G957HD9ND;
				ENABLE_PREVIEWS = YES;
				GENERATE_INFOPLIST_FILE = YES;
				INFOPLIST_KEY_UIApplicationSceneManifest_Generation = YES;
				INFOPLIST_KEY_UIApplicationSupportsIndirectInputEvents = YES;
				INFOPLIST_KEY_UILaunchScreen_Generation = YES;
				INFOPLIST_KEY_UISupportedInterfaceOrientations = UIInterfaceOrientationPortrait;
				LD_RUNPATH_SEARCH_PATHS = (
					"$(inherited)",
					"@executable_path/Frameworks",
				);
				MARKETING_VERSION = 1.0;
				PRODUCT_BUNDLE_IDENTIFIER = "Ilia-Filiaev.GenerationBright";
				PRODUCT_NAME = "$(TARGET_NAME)";
				SWIFT_EMIT_LOC_STRINGS = YES;
				SWIFT_VERSION = 5.0;
				TARGETED_DEVICE_FAMILY = "1,2";
			};
			name = Debug;
		};
		9F02CB602AAF9FD5000D7850 /* Release */ = {
			isa = XCBuildConfiguration;
			buildSettings = {
				ASSETCATALOG_COMPILER_APPICON_NAME = AppIcon;
				ASSETCATALOG_COMPILER_GLOBAL_ACCENT_COLOR_NAME = AccentColor;
				CODE_SIGN_STYLE = Automatic;
				CURRENT_PROJECT_VERSION = 1;
				DEVELOPMENT_ASSET_PATHS = "\"GenerationBright/Preview Content\"";
				DEVELOPMENT_TEAM = 7G957HD9ND;
				ENABLE_PREVIEWS = YES;
				GENERATE_INFOPLIST_FILE = YES;
				INFOPLIST_KEY_UIApplicationSceneManifest_Generation = YES;
				INFOPLIST_KEY_UIApplicationSupportsIndirectInputEvents = YES;
				INFOPLIST_KEY_UILaunchScreen_Generation = YES;
				INFOPLIST_KEY_UISupportedInterfaceOrientations = UIInterfaceOrientationPortrait;
				LD_RUNPATH_SEARCH_PATHS = (
					"$(inherited)",
					"@executable_path/Frameworks",
				);
				MARKETING_VERSION = 1.0;
				PRODUCT_BUNDLE_IDENTIFIER = "Ilia-Filiaev.GenerationBright";
				PRODUCT_NAME = "$(TARGET_NAME)";
				SWIFT_EMIT_LOC_STRINGS = YES;
				SWIFT_VERSION = 5.0;
				TARGETED_DEVICE_FAMILY = "1,2";
			};
			name = Release;
		};
/* End XCBuildConfiguration section */

/* Begin XCConfigurationList section */
		9F02CB4B2AAF9FD4000D7850 /* Build configuration list for PBXProject "GenerationBright" */ = {
			isa = XCConfigurationList;
			buildConfigurations = (
				9F02CB5C2AAF9FD5000D7850 /* Debug */,
				9F02CB5D2AAF9FD5000D7850 /* Release */,
			);
			defaultConfigurationIsVisible = 0;
			defaultConfigurationName = Release;
		};
		9F02CB5E2AAF9FD5000D7850 /* Build configuration list for PBXNativeTarget "GenerationBright" */ = {
			isa = XCConfigurationList;
			buildConfigurations = (
				9F02CB5F2AAF9FD5000D7850 /* Debug */,
				9F02CB602AAF9FD5000D7850 /* Release */,
			);
			defaultConfigurationIsVisible = 0;
			defaultConfigurationName = Release;
		};
/* End XCConfigurationList section */

/* Begin XCRemoteSwiftPackageReference section */
		9F724DEA2AB78081007CE864 /* XCRemoteSwiftPackageReference "Alamofire" */ = {
			isa = XCRemoteSwiftPackageReference;
			repositoryURL = "https://github.com/Alamofire/Alamofire.git";
			requirement = {
				kind = upToNextMajorVersion;
				minimumVersion = 5.0.0;
			};
		};
/* End XCRemoteSwiftPackageReference section */

/* Begin XCSwiftPackageProductDependency section */
		9F724DEB2AB78081007CE864 /* Alamofire */ = {
			isa = XCSwiftPackageProductDependency;
			package = 9F724DEA2AB78081007CE864 /* XCRemoteSwiftPackageReference "Alamofire" */;
			productName = Alamofire;
		};
/* End XCSwiftPackageProductDependency section */
	};
	rootObject = 9F02CB482AAF9FD4000D7850 /* Project object */;
}
